// !$*UTF8*$!
{
	archiveVersion = 1;
	classes = {
	};
	objectVersion = 50;
	objects = {

/* Begin PBXBuildFile section */
		34619039242269D0006CB176 /* AppDelegate.swift in Sources */ = {isa = PBXBuildFile; fileRef = 34619038242269D0006CB176 /* AppDelegate.swift */; };
		3461903B242269D0006CB176 /* SceneDelegate.swift in Sources */ = {isa = PBXBuildFile; fileRef = 3461903A242269D0006CB176 /* SceneDelegate.swift */; };
		3461903D242269D0006CB176 /* ContentView.swift in Sources */ = {isa = PBXBuildFile; fileRef = 3461903C242269D0006CB176 /* ContentView.swift */; };
		3461903F242269D2006CB176 /* Assets.xcassets in Resources */ = {isa = PBXBuildFile; fileRef = 3461903E242269D2006CB176 /* Assets.xcassets */; };
		34619042242269D2006CB176 /* Preview Assets.xcassets in Resources */ = {isa = PBXBuildFile; fileRef = 34619041242269D2006CB176 /* Preview Assets.xcassets */; };
		34619045242269D2006CB176 /* LaunchScreen.storyboard in Resources */ = {isa = PBXBuildFile; fileRef = 34619043242269D2006CB176 /* LaunchScreen.storyboard */; };
		34619050242269D2006CB176 /* TaskListTests.swift in Sources */ = {isa = PBXBuildFile; fileRef = 3461904F242269D2006CB176 /* TaskListTests.swift */; };
		3461905B242269D2006CB176 /* TaskListUITests.swift in Sources */ = {isa = PBXBuildFile; fileRef = 3461905A242269D2006CB176 /* TaskListUITests.swift */; };
		3461906A24226F53006CB176 /* Task.swift in Sources */ = {isa = PBXBuildFile; fileRef = 3461906924226F53006CB176 /* Task.swift */; };
		3461906C24226F6A006CB176 /* TaskStore.swift in Sources */ = {isa = PBXBuildFile; fileRef = 3461906B24226F6A006CB176 /* TaskStore.swift */; };
		3462AAE9242659A700DAA5BB /* NewTaskView.swift in Sources */ = {isa = PBXBuildFile; fileRef = 3462AAE8242659A700DAA5BB /* NewTaskView.swift */; };
		3462AAEB24266B5D00DAA5BB /* RowView.swift in Sources */ = {isa = PBXBuildFile; fileRef = 3462AAEA24266B5D00DAA5BB /* RowView.swift */; };
		3462AAED24266F1A00DAA5BB /* TaskEditingView.swift in Sources */ = {isa = PBXBuildFile; fileRef = 3462AAEC24266F1A00DAA5BB /* TaskEditingView.swift */; };
		34B8011924324832005E82BD /* IndexedCollection.swift in Sources */ = {isa = PBXBuildFile; fileRef = 34B8011724324832005E82BD /* IndexedCollection.swift */; };
		34B8011A24324832005E82BD /* ForEach.swift in Sources */ = {isa = PBXBuildFile; fileRef = 34B8011824324832005E82BD /* ForEach.swift */; };
		34B8011C243248C1005E82BD /* Binding.swift in Sources */ = {isa = PBXBuildFile; fileRef = 34B8011B243248C1005E82BD /* Binding.swift */; };
		34EFDA94242DF177007F2B29 /* Task.Priority.swift in Sources */ = {isa = PBXBuildFile; fileRef = 34EFDA93242DF177007F2B29 /* Task.Priority.swift */; };
		34EFDA96242E158A007F2B29 /* TaskStore.PrioritizedTasks.swift in Sources */ = {isa = PBXBuildFile; fileRef = 34EFDA95242E158A007F2B29 /* TaskStore.PrioritizedTasks.swift */; };
		34EFDA98242E21D8007F2B29 /* SectionView.swift in Sources */ = {isa = PBXBuildFile; fileRef = 34EFDA97242E21D8007F2B29 /* SectionView.swift */; };
/* End PBXBuildFile section */

/* Begin PBXContainerItemProxy section */
		3461904C242269D2006CB176 /* PBXContainerItemProxy */ = {
			isa = PBXContainerItemProxy;
			containerPortal = 3461902D242269D0006CB176 /* Project object */;
			proxyType = 1;
			remoteGlobalIDString = 34619034242269D0006CB176;
			remoteInfo = TaskList;
		};
		34619057242269D2006CB176 /* PBXContainerItemProxy */ = {
			isa = PBXContainerItemProxy;
			containerPortal = 3461902D242269D0006CB176 /* Project object */;
			proxyType = 1;
			remoteGlobalIDString = 34619034242269D0006CB176;
			remoteInfo = TaskList;
		};
/* End PBXContainerItemProxy section */

/* Begin PBXFileReference section */
		34619035242269D0006CB176 /* TaskList.app */ = {isa = PBXFileReference; explicitFileType = wrapper.application; includeInIndex = 0; path = TaskList.app; sourceTree = BUILT_PRODUCTS_DIR; };
		34619038242269D0006CB176 /* AppDelegate.swift */ = {isa = PBXFileReference; lastKnownFileType = sourcecode.swift; path = AppDelegate.swift; sourceTree = "<group>"; };
		3461903A242269D0006CB176 /* SceneDelegate.swift */ = {isa = PBXFileReference; lastKnownFileType = sourcecode.swift; path = SceneDelegate.swift; sourceTree = "<group>"; };
		3461903C242269D0006CB176 /* ContentView.swift */ = {isa = PBXFileReference; lastKnownFileType = sourcecode.swift; path = ContentView.swift; sourceTree = "<group>"; };
		3461903E242269D2006CB176 /* Assets.xcassets */ = {isa = PBXFileReference; lastKnownFileType = folder.assetcatalog; path = Assets.xcassets; sourceTree = "<group>"; };
		34619041242269D2006CB176 /* Preview Assets.xcassets */ = {isa = PBXFileReference; lastKnownFileType = folder.assetcatalog; path = "Preview Assets.xcassets"; sourceTree = "<group>"; };
		34619044242269D2006CB176 /* Base */ = {isa = PBXFileReference; lastKnownFileType = file.storyboard; name = Base; path = Base.lproj/LaunchScreen.storyboard; sourceTree = "<group>"; };
		34619046242269D2006CB176 /* Info.plist */ = {isa = PBXFileReference; lastKnownFileType = text.plist.xml; path = Info.plist; sourceTree = "<group>"; };
		3461904B242269D2006CB176 /* TaskListTests.xctest */ = {isa = PBXFileReference; explicitFileType = wrapper.cfbundle; includeInIndex = 0; path = TaskListTests.xctest; sourceTree = BUILT_PRODUCTS_DIR; };
		3461904F242269D2006CB176 /* TaskListTests.swift */ = {isa = PBXFileReference; lastKnownFileType = sourcecode.swift; path = TaskListTests.swift; sourceTree = "<group>"; };
		34619051242269D2006CB176 /* Info.plist */ = {isa = PBXFileReference; lastKnownFileType = text.plist.xml; path = Info.plist; sourceTree = "<group>"; };
		34619056242269D2006CB176 /* TaskListUITests.xctest */ = {isa = PBXFileReference; explicitFileType = wrapper.cfbundle; includeInIndex = 0; path = TaskListUITests.xctest; sourceTree = BUILT_PRODUCTS_DIR; };
		3461905A242269D2006CB176 /* TaskListUITests.swift */ = {isa = PBXFileReference; lastKnownFileType = sourcecode.swift; path = TaskListUITests.swift; sourceTree = "<group>"; };
		3461905C242269D2006CB176 /* Info.plist */ = {isa = PBXFileReference; lastKnownFileType = text.plist.xml; path = Info.plist; sourceTree = "<group>"; };
		3461906924226F53006CB176 /* Task.swift */ = {isa = PBXFileReference; lastKnownFileType = sourcecode.swift; path = Task.swift; sourceTree = "<group>"; };
		3461906B24226F6A006CB176 /* TaskStore.swift */ = {isa = PBXFileReference; lastKnownFileType = sourcecode.swift; path = TaskStore.swift; sourceTree = "<group>"; };
		3462AAE8242659A700DAA5BB /* NewTaskView.swift */ = {isa = PBXFileReference; lastKnownFileType = sourcecode.swift; path = NewTaskView.swift; sourceTree = "<group>"; };
		3462AAEA24266B5D00DAA5BB /* RowView.swift */ = {isa = PBXFileReference; lastKnownFileType = sourcecode.swift; path = RowView.swift; sourceTree = "<group>"; };
		3462AAEC24266F1A00DAA5BB /* TaskEditingView.swift */ = {isa = PBXFileReference; lastKnownFileType = sourcecode.swift; path = TaskEditingView.swift; sourceTree = "<group>"; };
		34B8011724324832005E82BD /* IndexedCollection.swift */ = {isa = PBXFileReference; fileEncoding = 4; lastKnownFileType = sourcecode.swift; name = IndexedCollection.swift; path = "../../../../../../Downloads/P04E06 Challenge - Add Prioritized Tasks/End/TaskList/extension/IndexedCollection.swift"; sourceTree = "<group>"; };
		34B8011824324832005E82BD /* ForEach.swift */ = {isa = PBXFileReference; fileEncoding = 4; lastKnownFileType = sourcecode.swift; name = ForEach.swift; path = "../../../../../../Downloads/P04E06 Challenge - Add Prioritized Tasks/End/TaskList/extension/ForEach.swift"; sourceTree = "<group>"; };
		34B8011B243248C1005E82BD /* Binding.swift */ = {isa = PBXFileReference; fileEncoding = 4; lastKnownFileType = sourcecode.swift; name = Binding.swift; path = "../../../../../../Downloads/P04E07 Picker Views/Begin/TaskList/extension/Binding.swift"; sourceTree = "<group>"; };
		34EFDA93242DF177007F2B29 /* Task.Priority.swift */ = {isa = PBXFileReference; lastKnownFileType = sourcecode.swift; path = Task.Priority.swift; sourceTree = "<group>"; };
		34EFDA95242E158A007F2B29 /* TaskStore.PrioritizedTasks.swift */ = {isa = PBXFileReference; lastKnownFileType = sourcecode.swift; path = TaskStore.PrioritizedTasks.swift; sourceTree = "<group>"; };
		34EFDA97242E21D8007F2B29 /* SectionView.swift */ = {isa = PBXFileReference; lastKnownFileType = sourcecode.swift; path = SectionView.swift; sourceTree = "<group>"; };
/* End PBXFileReference section */

/* Begin PBXFrameworksBuildPhase section */
		34619032242269D0006CB176 /* Frameworks */ = {
			isa = PBXFrameworksBuildPhase;
			buildActionMask = 2147483647;
			files = (
			);
			runOnlyForDeploymentPostprocessing = 0;
		};
		34619048242269D2006CB176 /* Frameworks */ = {
			isa = PBXFrameworksBuildPhase;
			buildActionMask = 2147483647;
			files = (
			);
			runOnlyForDeploymentPostprocessing = 0;
		};
		34619053242269D2006CB176 /* Frameworks */ = {
			isa = PBXFrameworksBuildPhase;
			buildActionMask = 2147483647;
			files = (
			);
			runOnlyForDeploymentPostprocessing = 0;
		};
/* End PBXFrameworksBuildPhase section */

/* Begin PBXGroup section */
		3461902C242269D0006CB176 = {
			isa = PBXGroup;
			children = (
				34619037242269D0006CB176 /* TaskList */,
				3461904E242269D2006CB176 /* TaskListTests */,
				34619059242269D2006CB176 /* TaskListUITests */,
				34619036242269D0006CB176 /* Products */,
			);
			sourceTree = "<group>";
		};
		34619036242269D0006CB176 /* Products */ = {
			isa = PBXGroup;
			children = (
				34619035242269D0006CB176 /* TaskList.app */,
				3461904B242269D2006CB176 /* TaskListTests.xctest */,
				34619056242269D2006CB176 /* TaskListUITests.xctest */,
			);
			name = Products;
			sourceTree = "<group>";
		};
		34619037242269D0006CB176 /* TaskList */ = {
			isa = PBXGroup;
			children = (
				34B801162432481D005E82BD /* extension */,
				3461906824226F39006CB176 /* models */,
				34619038242269D0006CB176 /* AppDelegate.swift */,
				3461903A242269D0006CB176 /* SceneDelegate.swift */,
				3462AAE72426598900DAA5BB /* Views */,
				3461903E242269D2006CB176 /* Assets.xcassets */,
				34619043242269D2006CB176 /* LaunchScreen.storyboard */,
				34619046242269D2006CB176 /* Info.plist */,
				34619040242269D2006CB176 /* Preview Content */,
			);
			path = TaskList;
			sourceTree = "<group>";
		};
		34619040242269D2006CB176 /* Preview Content */ = {
			isa = PBXGroup;
			children = (
				34619041242269D2006CB176 /* Preview Assets.xcassets */,
			);
			path = "Preview Content";
			sourceTree = "<group>";
		};
		3461904E242269D2006CB176 /* TaskListTests */ = {
			isa = PBXGroup;
			children = (
				3461904F242269D2006CB176 /* TaskListTests.swift */,
				34619051242269D2006CB176 /* Info.plist */,
			);
			path = TaskListTests;
			sourceTree = "<group>";
		};
		34619059242269D2006CB176 /* TaskListUITests */ = {
			isa = PBXGroup;
			children = (
				3461905A242269D2006CB176 /* TaskListUITests.swift */,
				3461905C242269D2006CB176 /* Info.plist */,
			);
			path = TaskListUITests;
			sourceTree = "<group>";
		};
		3461906824226F39006CB176 /* models */ = {
			isa = PBXGroup;
			children = (
				3461906924226F53006CB176 /* Task.swift */,
				3461906B24226F6A006CB176 /* TaskStore.swift */,
				34EFDA93242DF177007F2B29 /* Task.Priority.swift */,
				34EFDA95242E158A007F2B29 /* TaskStore.PrioritizedTasks.swift */,
			);
			path = models;
			sourceTree = "<group>";
		};
		3462AAE72426598900DAA5BB /* Views */ = {
			isa = PBXGroup;
			children = (
				3461903C242269D0006CB176 /* ContentView.swift */,
				3462AAE8242659A700DAA5BB /* NewTaskView.swift */,
				3462AAEA24266B5D00DAA5BB /* RowView.swift */,
				3462AAEC24266F1A00DAA5BB /* TaskEditingView.swift */,
				34EFDA97242E21D8007F2B29 /* SectionView.swift */,
			);
			path = Views;
			sourceTree = "<group>";
		};
		34B801162432481D005E82BD /* extension */ = {
			isa = PBXGroup;
			children = (
				34B8011B243248C1005E82BD /* Binding.swift */,
				34B8011824324832005E82BD /* ForEach.swift */,
				34B8011724324832005E82BD /* IndexedCollection.swift */,
			);
			path = extension;
			sourceTree = "<group>";
		};
/* End PBXGroup section */

/* Begin PBXNativeTarget section */
		34619034242269D0006CB176 /* TaskList */ = {
			isa = PBXNativeTarget;
			buildConfigurationList = 3461905F242269D2006CB176 /* Build configuration list for PBXNativeTarget "TaskList" */;
			buildPhases = (
				34619031242269D0006CB176 /* Sources */,
				34619032242269D0006CB176 /* Frameworks */,
				34619033242269D0006CB176 /* Resources */,
			);
			buildRules = (
			);
			dependencies = (
			);
			name = TaskList;
			productName = TaskList;
			productReference = 34619035242269D0006CB176 /* TaskList.app */;
			productType = "com.apple.product-type.application";
		};
		3461904A242269D2006CB176 /* TaskListTests */ = {
			isa = PBXNativeTarget;
			buildConfigurationList = 34619062242269D2006CB176 /* Build configuration list for PBXNativeTarget "TaskListTests" */;
			buildPhases = (
				34619047242269D2006CB176 /* Sources */,
				34619048242269D2006CB176 /* Frameworks */,
				34619049242269D2006CB176 /* Resources */,
			);
			buildRules = (
			);
			dependencies = (
				3461904D242269D2006CB176 /* PBXTargetDependency */,
			);
			name = TaskListTests;
			productName = TaskListTests;
			productReference = 3461904B242269D2006CB176 /* TaskListTests.xctest */;
			productType = "com.apple.product-type.bundle.unit-test";
		};
		34619055242269D2006CB176 /* TaskListUITests */ = {
			isa = PBXNativeTarget;
			buildConfigurationList = 34619065242269D2006CB176 /* Build configuration list for PBXNativeTarget "TaskListUITests" */;
			buildPhases = (
				34619052242269D2006CB176 /* Sources */,
				34619053242269D2006CB176 /* Frameworks */,
				34619054242269D2006CB176 /* Resources */,
			);
			buildRules = (
			);
			dependencies = (
				34619058242269D2006CB176 /* PBXTargetDependency */,
			);
			name = TaskListUITests;
			productName = TaskListUITests;
			productReference = 34619056242269D2006CB176 /* TaskListUITests.xctest */;
			productType = "com.apple.product-type.bundle.ui-testing";
		};
/* End PBXNativeTarget section */

/* Begin PBXProject section */
		3461902D242269D0006CB176 /* Project object */ = {
			isa = PBXProject;
			attributes = {
				LastSwiftUpdateCheck = 1130;
				LastUpgradeCheck = 1130;
				ORGANIZATIONNAME = "PHAM ANH VIET";
				TargetAttributes = {
					34619034242269D0006CB176 = {
						CreatedOnToolsVersion = 11.3.1;
					};
					3461904A242269D2006CB176 = {
						CreatedOnToolsVersion = 11.3.1;
						TestTargetID = 34619034242269D0006CB176;
					};
					34619055242269D2006CB176 = {
						CreatedOnToolsVersion = 11.3.1;
						TestTargetID = 34619034242269D0006CB176;
					};
				};
			};
			buildConfigurationList = 34619030242269D0006CB176 /* Build configuration list for PBXProject "TaskList" */;
			compatibilityVersion = "Xcode 9.3";
			developmentRegion = en;
			hasScannedForEncodings = 0;
			knownRegions = (
				en,
				Base,
			);
			mainGroup = 3461902C242269D0006CB176;
			productRefGroup = 34619036242269D0006CB176 /* Products */;
			projectDirPath = "";
			projectRoot = "";
			targets = (
				34619034242269D0006CB176 /* TaskList */,
				3461904A242269D2006CB176 /* TaskListTests */,
				34619055242269D2006CB176 /* TaskListUITests */,
			);
		};
/* End PBXProject section */

/* Begin PBXResourcesBuildPhase section */
		34619033242269D0006CB176 /* Resources */ = {
			isa = PBXResourcesBuildPhase;
			buildActionMask = 2147483647;
			files = (
				34619045242269D2006CB176 /* LaunchScreen.storyboard in Resources */,
				34619042242269D2006CB176 /* Preview Assets.xcassets in Resources */,
				3461903F242269D2006CB176 /* Assets.xcassets in Resources */,
			);
			runOnlyForDeploymentPostprocessing = 0;
		};
		34619049242269D2006CB176 /* Resources */ = {
			isa = PBXResourcesBuildPhase;
			buildActionMask = 2147483647;
			files = (
			);
			runOnlyForDeploymentPostprocessing = 0;
		};
		34619054242269D2006CB176 /* Resources */ = {
			isa = PBXResourcesBuildPhase;
			buildActionMask = 2147483647;
			files = (
			);
			runOnlyForDeploymentPostprocessing = 0;
		};
/* End PBXResourcesBuildPhase section */

/* Begin PBXSourcesBuildPhase section */
		34619031242269D0006CB176 /* Sources */ = {
			isa = PBXSourcesBuildPhase;
			buildActionMask = 2147483647;
			files = (
				34B8011A24324832005E82BD /* ForEach.swift in Sources */,
				3461906C24226F6A006CB176 /* TaskStore.swift in Sources */,
				34EFDA94242DF177007F2B29 /* Task.Priority.swift in Sources */,
				34B8011C243248C1005E82BD /* Binding.swift in Sources */,
				34EFDA98242E21D8007F2B29 /* SectionView.swift in Sources */,
				3461906A24226F53006CB176 /* Task.swift in Sources */,
				3462AAED24266F1A00DAA5BB /* TaskEditingView.swift in Sources */,
				3462AAEB24266B5D00DAA5BB /* RowView.swift in Sources */,
				3462AAE9242659A700DAA5BB /* NewTaskView.swift in Sources */,
				34619039242269D0006CB176 /* AppDelegate.swift in Sources */,
				3461903B242269D0006CB176 /* SceneDelegate.swift in Sources */,
				34EFDA96242E158A007F2B29 /* TaskStore.PrioritizedTasks.swift in Sources */,
				3461903D242269D0006CB176 /* ContentView.swift in Sources */,
				34B8011924324832005E82BD /* IndexedCollection.swift in Sources */,
			);
			runOnlyForDeploymentPostprocessing = 0;
		};
		34619047242269D2006CB176 /* Sources */ = {
			isa = PBXSourcesBuildPhase;
			buildActionMask = 2147483647;
			files = (
				34619050242269D2006CB176 /* TaskListTests.swift in Sources */,
			);
			runOnlyForDeploymentPostprocessing = 0;
		};
		34619052242269D2006CB176 /* Sources */ = {
			isa = PBXSourcesBuildPhase;
			buildActionMask = 2147483647;
			files = (
				3461905B242269D2006CB176 /* TaskListUITests.swift in Sources */,
			);
			runOnlyForDeploymentPostprocessing = 0;
		};
/* End PBXSourcesBuildPhase section */

/* Begin PBXTargetDependency section */
		3461904D242269D2006CB176 /* PBXTargetDependency */ = {
			isa = PBXTargetDependency;
			target = 34619034242269D0006CB176 /* TaskList */;
			targetProxy = 3461904C242269D2006CB176 /* PBXContainerItemProxy */;
		};
		34619058242269D2006CB176 /* PBXTargetDependency */ = {
			isa = PBXTargetDependency;
			target = 34619034242269D0006CB176 /* TaskList */;
			targetProxy = 34619057242269D2006CB176 /* PBXContainerItemProxy */;
		};
/* End PBXTargetDependency section */

/* Begin PBXVariantGroup section */
		34619043242269D2006CB176 /* LaunchScreen.storyboard */ = {
			isa = PBXVariantGroup;
			children = (
				34619044242269D2006CB176 /* Base */,
			);
			name = LaunchScreen.storyboard;
			sourceTree = "<group>";
		};
/* End PBXVariantGroup section */

/* Begin XCBuildConfiguration section */
		3461905D242269D2006CB176 /* Debug */ = {
			isa = XCBuildConfiguration;
			buildSettings = {
				ALWAYS_SEARCH_USER_PATHS = NO;
				CLANG_ANALYZER_NONNULL = YES;
				CLANG_ANALYZER_NUMBER_OBJECT_CONVERSION = YES_AGGRESSIVE;
				CLANG_CXX_LANGUAGE_STANDARD = "gnu++14";
				CLANG_CXX_LIBRARY = "libc++";
				CLANG_ENABLE_MODULES = YES;
				CLANG_ENABLE_OBJC_ARC = YES;
				CLANG_ENABLE_OBJC_WEAK = YES;
				CLANG_WARN_BLOCK_CAPTURE_AUTORELEASING = YES;
				CLANG_WARN_BOOL_CONVERSION = YES;
				CLANG_WARN_COMMA = YES;
				CLANG_WARN_CONSTANT_CONVERSION = YES;
				CLANG_WARN_DEPRECATED_OBJC_IMPLEMENTATIONS = YES;
				CLANG_WARN_DIRECT_OBJC_ISA_USAGE = YES_ERROR;
				CLANG_WARN_DOCUMENTATION_COMMENTS = YES;
				CLANG_WARN_EMPTY_BODY = YES;
				CLANG_WARN_ENUM_CONVERSION = YES;
				CLANG_WARN_INFINITE_RECURSION = YES;
				CLANG_WARN_INT_CONVERSION = YES;
				CLANG_WARN_NON_LITERAL_NULL_CONVERSION = YES;
				CLANG_WARN_OBJC_IMPLICIT_RETAIN_SELF = YES;
				CLANG_WARN_OBJC_LITERAL_CONVERSION = YES;
				CLANG_WARN_OBJC_ROOT_CLASS = YES_ERROR;
				CLANG_WARN_RANGE_LOOP_ANALYSIS = YES;
				CLANG_WARN_STRICT_PROTOTYPES = YES;
				CLANG_WARN_SUSPICIOUS_MOVE = YES;
				CLANG_WARN_UNGUARDED_AVAILABILITY = YES_AGGRESSIVE;
				CLANG_WARN_UNREACHABLE_CODE = YES;
				CLANG_WARN__DUPLICATE_METHOD_MATCH = YES;
				COPY_PHASE_STRIP = NO;
				DEBUG_INFORMATION_FORMAT = dwarf;
				ENABLE_STRICT_OBJC_MSGSEND = YES;
				ENABLE_TESTABILITY = YES;
				GCC_C_LANGUAGE_STANDARD = gnu11;
				GCC_DYNAMIC_NO_PIC = NO;
				GCC_NO_COMMON_BLOCKS = YES;
				GCC_OPTIMIZATION_LEVEL = 0;
				GCC_PREPROCESSOR_DEFINITIONS = (
					"DEBUG=1",
					"$(inherited)",
				);
				GCC_WARN_64_TO_32_BIT_CONVERSION = YES;
				GCC_WARN_ABOUT_RETURN_TYPE = YES_ERROR;
				GCC_WARN_UNDECLARED_SELECTOR = YES;
				GCC_WARN_UNINITIALIZED_AUTOS = YES_AGGRESSIVE;
				GCC_WARN_UNUSED_FUNCTION = YES;
				GCC_WARN_UNUSED_VARIABLE = YES;
				IPHONEOS_DEPLOYMENT_TARGET = 13.2;
				MTL_ENABLE_DEBUG_INFO = INCLUDE_SOURCE;
				MTL_FAST_MATH = YES;
				ONLY_ACTIVE_ARCH = YES;
				SDKROOT = iphoneos;
				SWIFT_ACTIVE_COMPILATION_CONDITIONS = DEBUG;
				SWIFT_OPTIMIZATION_LEVEL = "-Onone";
			};
			name = Debug;
		};
		3461905E242269D2006CB176 /* Release */ = {
			isa = XCBuildConfiguration;
			buildSettings = {
				ALWAYS_SEARCH_USER_PATHS = NO;
				CLANG_ANALYZER_NONNULL = YES;
				CLANG_ANALYZER_NUMBER_OBJECT_CONVERSION = YES_AGGRESSIVE;
				CLANG_CXX_LANGUAGE_STANDARD = "gnu++14";
				CLANG_CXX_LIBRARY = "libc++";
				CLANG_ENABLE_MODULES = YES;
				CLANG_ENABLE_OBJC_ARC = YES;
				CLANG_ENABLE_OBJC_WEAK = YES;
				CLANG_WARN_BLOCK_CAPTURE_AUTORELEASING = YES;
				CLANG_WARN_BOOL_CONVERSION = YES;
				CLANG_WARN_COMMA = YES;
				CLANG_WARN_CONSTANT_CONVERSION = YES;
				CLANG_WARN_DEPRECATED_OBJC_IMPLEMENTATIONS = YES;
				CLANG_WARN_DIRECT_OBJC_ISA_USAGE = YES_ERROR;
				CLANG_WARN_DOCUMENTATION_COMMENTS = YES;
				CLANG_WARN_EMPTY_BODY = YES;
				CLANG_WARN_ENUM_CONVERSION = YES;
				CLANG_WARN_INFINITE_RECURSION = YES;
				CLANG_WARN_INT_CONVERSION = YES;
				CLANG_WARN_NON_LITERAL_NULL_CONVERSION = YES;
				CLANG_WARN_OBJC_IMPLICIT_RETAIN_SELF = YES;
				CLANG_WARN_OBJC_LITERAL_CONVERSION = YES;
				CLANG_WARN_OBJC_ROOT_CLASS = YES_ERROR;
				CLANG_WARN_RANGE_LOOP_ANALYSIS = YES;
				CLANG_WARN_STRICT_PROTOTYPES = YES;
				CLANG_WARN_SUSPICIOUS_MOVE = YES;
				CLANG_WARN_UNGUARDED_AVAILABILITY = YES_AGGRESSIVE;
				CLANG_WARN_UNREACHABLE_CODE = YES;
				CLANG_WARN__DUPLICATE_METHOD_MATCH = YES;
				COPY_PHASE_STRIP = NO;
				DEBUG_INFORMATION_FORMAT = "dwarf-with-dsym";
				ENABLE_NS_ASSERTIONS = NO;
				ENABLE_STRICT_OBJC_MSGSEND = YES;
				GCC_C_LANGUAGE_STANDARD = gnu11;
				GCC_NO_COMMON_BLOCKS = YES;
				GCC_WARN_64_TO_32_BIT_CONVERSION = YES;
				GCC_WARN_ABOUT_RETURN_TYPE = YES_ERROR;
				GCC_WARN_UNDECLARED_SELECTOR = YES;
				GCC_WARN_UNINITIALIZED_AUTOS = YES_AGGRESSIVE;
				GCC_WARN_UNUSED_FUNCTION = YES;
				GCC_WARN_UNUSED_VARIABLE = YES;
				IPHONEOS_DEPLOYMENT_TARGET = 13.2;
				MTL_ENABLE_DEBUG_INFO = NO;
				MTL_FAST_MATH = YES;
				SDKROOT = iphoneos;
				SWIFT_COMPILATION_MODE = wholemodule;
				SWIFT_OPTIMIZATION_LEVEL = "-O";
				VALIDATE_PRODUCT = YES;
			};
			name = Release;
		};
		34619060242269D2006CB176 /* Debug */ = {
			isa = XCBuildConfiguration;
			buildSettings = {
				ASSETCATALOG_COMPILER_APPICON_NAME = AppIcon;
				CODE_SIGN_STYLE = Automatic;
				DEVELOPMENT_ASSET_PATHS = "\"TaskList/Preview Content\"";
				ENABLE_PREVIEWS = YES;
				INFOPLIST_FILE = TaskList/Info.plist;
				LD_RUNPATH_SEARCH_PATHS = (
					"$(inherited)",
					"@executable_path/Frameworks",
				);
				PRODUCT_BUNDLE_IDENTIFIER = com.avp.TaskList;
				PRODUCT_NAME = "$(TARGET_NAME)";
				SWIFT_VERSION = 5.0;
				TARGETED_DEVICE_FAMILY = "1,2";
			};
			name = Debug;
		};
		34619061242269D2006CB176 /* Release */ = {
			isa = XCBuildConfiguration;
			buildSettings = {
				ASSETCATALOG_COMPILER_APPICON_NAME = AppIcon;
				CODE_SIGN_STYLE = Automatic;
				DEVELOPMENT_ASSET_PATHS = "\"TaskList/Preview Content\"";
				ENABLE_PREVIEWS = YES;
				INFOPLIST_FILE = TaskList/Info.plist;
				LD_RUNPATH_SEARCH_PATHS = (
					"$(inherited)",
					"@executable_path/Frameworks",
				);
				PRODUCT_BUNDLE_IDENTIFIER = com.avp.TaskList;
				PRODUCT_NAME = "$(TARGET_NAME)";
				SWIFT_VERSION = 5.0;
				TARGETED_DEVICE_FAMILY = "1,2";
			};
			name = Release;
		};
		34619063242269D2006CB176 /* Debug */ = {
			isa = XCBuildConfiguration;
			buildSettings = {
				ALWAYS_EMBED_SWIFT_STANDARD_LIBRARIES = YES;
				BUNDLE_LOADER = "$(TEST_HOST)";
				CODE_SIGN_STYLE = Automatic;
				INFOPLIST_FILE = TaskListTests/Info.plist;
				IPHONEOS_DEPLOYMENT_TARGET = 13.2;
				LD_RUNPATH_SEARCH_PATHS = (
					"$(inherited)",
					"@executable_path/Frameworks",
					"@loader_path/Frameworks",
				);
				PRODUCT_BUNDLE_IDENTIFIER = com.avp.TaskListTests;
				PRODUCT_NAME = "$(TARGET_NAME)";
				SWIFT_VERSION = 5.0;
				TARGETED_DEVICE_FAMILY = "1,2";
				TEST_HOST = "$(BUILT_PRODUCTS_DIR)/TaskList.app/TaskList";
			};
			name = Debug;
		};
		34619064242269D2006CB176 /* Release */ = {
			isa = XCBuildConfiguration;
			buildSettings = {
				ALWAYS_EMBED_SWIFT_STANDARD_LIBRARIES = YES;
				BUNDLE_LOADER = "$(TEST_HOST)";
				CODE_SIGN_STYLE = Automatic;
				INFOPLIST_FILE = TaskListTests/Info.plist;
				IPHONEOS_DEPLOYMENT_TARGET = 13.2;
				LD_RUNPATH_SEARCH_PATHS = (
					"$(inherited)",
					"@executable_path/Frameworks",
					"@loader_path/Frameworks",
				);
				PRODUCT_BUNDLE_IDENTIFIER = com.avp.TaskListTests;
				PRODUCT_NAME = "$(TARGET_NAME)";
				SWIFT_VERSION = 5.0;
				TARGETED_DEVICE_FAMILY = "1,2";
				TEST_HOST = "$(BUILT_PRODUCTS_DIR)/TaskList.app/TaskList";
			};
			name = Release;
		};
		34619066242269D2006CB176 /* Debug */ = {
			isa = XCBuildConfiguration;
			buildSettings = {
				ALWAYS_EMBED_SWIFT_STANDARD_LIBRARIES = YES;
				CODE_SIGN_STYLE = Automatic;
				INFOPLIST_FILE = TaskListUITests/Info.plist;
				LD_RUNPATH_SEARCH_PATHS = (
					"$(inherited)",
					"@executable_path/Frameworks",
					"@loader_path/Frameworks",
				);
				PRODUCT_BUNDLE_IDENTIFIER = com.avp.TaskListUITests;
				PRODUCT_NAME = "$(TARGET_NAME)";
				SWIFT_VERSION = 5.0;
				TARGETED_DEVICE_FAMILY = "1,2";
				TEST_TARGET_NAME = TaskList;
			};
			name = Debug;
		};
		34619067242269D2006CB176 /* Release */ = {
			isa = XCBuildConfiguration;
			buildSettings = {
				ALWAYS_EMBED_SWIFT_STANDARD_LIBRARIES = YES;
				CODE_SIGN_STYLE = Automatic;
				INFOPLIST_FILE = TaskListUITests/Info.plist;
				LD_RUNPATH_SEARCH_PATHS = (
					"$(inherited)",
					"@executable_path/Frameworks",
					"@loader_path/Frameworks",
				);
				PRODUCT_BUNDLE_IDENTIFIER = com.avp.TaskListUITests;
				PRODUCT_NAME = "$(TARGET_NAME)";
				SWIFT_VERSION = 5.0;
				TARGETED_DEVICE_FAMILY = "1,2";
				TEST_TARGET_NAME = TaskList;
			};
			name = Release;
		};
/* End XCBuildConfiguration section */

/* Begin XCConfigurationList section */
		34619030242269D0006CB176 /* Build configuration list for PBXProject "TaskList" */ = {
			isa = XCConfigurationList;
			buildConfigurations = (
				3461905D242269D2006CB176 /* Debug */,
				3461905E242269D2006CB176 /* Release */,
			);
			defaultConfigurationIsVisible = 0;
			defaultConfigurationName = Release;
		};
		3461905F242269D2006CB176 /* Build configuration list for PBXNativeTarget "TaskList" */ = {
			isa = XCConfigurationList;
			buildConfigurations = (
				34619060242269D2006CB176 /* Debug */,
				34619061242269D2006CB176 /* Release */,
			);
			defaultConfigurationIsVisible = 0;
			defaultConfigurationName = Release;
		};
		34619062242269D2006CB176 /* Build configuration list for PBXNativeTarget "TaskListTests" */ = {
			isa = XCConfigurationList;
			buildConfigurations = (
				34619063242269D2006CB176 /* Debug */,
				34619064242269D2006CB176 /* Release */,
			);
			defaultConfigurationIsVisible = 0;
			defaultConfigurationName = Release;
		};
		34619065242269D2006CB176 /* Build configuration list for PBXNativeTarget "TaskListUITests" */ = {
			isa = XCConfigurationList;
			buildConfigurations = (
				34619066242269D2006CB176 /* Debug */,
				34619067242269D2006CB176 /* Release */,
			);
			defaultConfigurationIsVisible = 0;
			defaultConfigurationName = Release;
		};
/* End XCConfigurationList section */
	};
	rootObject = 3461902D242269D0006CB176 /* Project object */;
}
